<?xml version="1.0" encoding="utf-8"?>
<Project ToolsVersion="4.0" xmlns="http://schemas.microsoft.com/developer/msbuild/2003">
  <ItemGroup>
    <Filter Include="ソース ファイル">
      <UniqueIdentifier>{4FC737F1-C7A5-4376-A066-2A32D752A2FF}</UniqueIdentifier>
      <Extensions>cpp;c;cc;cxx;c++;cppm;ixx;def;odl;idl;hpj;bat;asm;asmx</Extensions>
    </Filter>
    <Filter Include="ヘッダー ファイル">
      <UniqueIdentifier>{93995380-89BD-4b04-88EB-625FBE52EBFB}</UniqueIdentifier>
      <Extensions>h;hh;hpp;hxx;h++;hm;inl;inc;ipp;xsd</Extensions>
    </Filter>
    <Filter Include="リソース ファイル">
      <UniqueIdentifier>{67DA6AB6-F800-4c08-8B7A-83BB121AAD01}</UniqueIdentifier>
      <Extensions>rc;ico;cur;bmp;dlg;rc2;rct;bin;rgs;gif;jpg;jpeg;jpe;resx;tiff;tif;png;wav;mfcribbon-ms</Extensions>
    </Filter>
  </ItemGroup>
  <ItemGroup>
    <ClCompile Include="main.cpp">
      <Filter>ソース ファイル</Filter>
    </ClCompile>
    <ClCompile Include="swelcome.cpp">
      <Filter>ソース ファイル</Filter>
    </ClCompile>
    <ClCompile Include="s086a.cpp">
      <Filter>ソース ファイル</Filter>
    </ClCompile>
    <ClCompile Include="s081a.cpp">
      <Filter>ソース ファイル</Filter>
    </ClCompile>
    <ClCompile Include="s081b.cpp">
      <Filter>ソース ファイル</Filter>
    </ClCompile>
    <ClCompile Include="s087b.cpp">
      <Filter>ソース ファイル</Filter>
    </ClCompile>
    <ClCompile Include="s083b.cpp">
      <Filter>ソース ファイル</Filter>
    </ClCompile>
    <ClCompile Include="c208.cpp">
      <Filter>ソース ファイル</Filter>
    </ClCompile>
    <ClCompile Include="c209.cpp">
      <Filter>ソース ファイル</Filter>
    </ClCompile>
    <ClCompile Include="c210.cpp">
      <Filter>ソース ファイル</Filter>
    </ClCompile>
    <ClCompile Include="c211.cpp">
      <Filter>ソース ファイル</Filter>
    </ClCompile>
    <ClCompile Include="c212.cpp">
      <Filter>ソース ファイル</Filter>
    </ClCompile>
    <ClCompile Include="c213.cpp">
      <Filter>ソース ファイル</Filter>
    </ClCompile>
    <ClCompile Include="c214.cpp">
      <Filter>ソース ファイル</Filter>
    </ClCompile>
    <ClCompile Include="c215.cpp">
      <Filter>ソース ファイル</Filter>
    </ClCompile>
    <ClCompile Include="c216.cpp">
      <Filter>ソース ファイル</Filter>
    </ClCompile>
    <ClCompile Include="c217.cpp">
      <Filter>ソース ファイル</Filter>
    </ClCompile>
    <ClCompile Include="c207.cpp">
      <Filter>ソース ファイル</Filter>
    </ClCompile>
    <ClCompile Include="c218.cpp">
      <Filter>ソース ファイル</Filter>
    </ClCompile>
    <ClCompile Include="c219.cpp">
      <Filter>ソース ファイル</Filter>
    </ClCompile>
    <ClCompile Include="c220.cpp">
      <Filter>ソース ファイル</Filter>
    </ClCompile>
    <ClCompile Include="c221.cpp">
      <Filter>ソース ファイル</Filter>
    </ClCompile>
    <ClCompile Include="c222.cpp">
      <Filter>ソース ファイル</Filter>
    </ClCompile>
    <ClCompile Include="c223.cpp">
      <Filter>ソース ファイル</Filter>
    </ClCompile>
    <ClCompile Include="c224.cpp">
      <Filter>ソース ファイル</Filter>
    </ClCompile>
  </ItemGroup>
</Project>